
Microsoft Visual Studio Solution File, Format Version 12.00
# Visual Studio Version 16
VisualStudioVersion = 16.0.30104.148
MinimumVisualStudioVersion = 10.0.40219.1
Project("{E24C65DC-7377-472B-9ABA-BC803B73C61A}") = "Toondra", ".", "{A7D823F7-2C61-4696-A10B-16AD02C32544}"
	ProjectSection(WebsiteProperties) = preProject
		TargetFrameworkMoniker = ".NETFramework,Version%3Dv4.5"
		Debug.AspNetCompiler.VirtualPath = "/localhost_14821"
		Debug.AspNetCompiler.PhysicalPath = "..\Toondra\"
		Debug.AspNetCompiler.TargetPath = "PrecompiledWeb\localhost_14821\"
		Debug.AspNetCompiler.Updateable = "true"
		Debug.AspNetCompiler.ForceOverwrite = "true"
		Debug.AspNetCompiler.FixedNames = "false"
		Debug.AspNetCompiler.Debug = "True"
		Release.AspNetCompiler.VirtualPath = "/localhost_14821"
		Release.AspNetCompiler.PhysicalPath = "..\Toondra\"
		Release.AspNetCompiler.TargetPath = "PrecompiledWeb\localhost_14821\"
		Release.AspNetCompiler.Updateable = "true"
		Release.AspNetCompiler.ForceOverwrite = "true"
		Release.AspNetCompiler.FixedNames = "false"
		Release.AspNetCompiler.Debug = "False"
		VWDPort = "14821"
	EndProjectSection
EndProject
Global
	GlobalSection(SolutionConfigurationPlatforms) = preSolution
		Debug|Any CPU = Debug|Any CPU
	EndGlobalSection
	GlobalSection(ProjectConfigurationPlatforms) = postSolution
		{A7D823F7-2C61-4696-A10B-16AD02C32544}.Debug|Any CPU.ActiveCfg = Debug|Any CPU
		{A7D823F7-2C61-4696-A10B-16AD02C32544}.Debug|Any CPU.Build.0 = Debug|Any CPU
	EndGlobalSection
	GlobalSection(SolutionProperties) = preSolution
		HideSolutionNode = FALSE
	EndGlobalSection
	GlobalSection(ExtensibilityGlobals) = postSolution
		SolutionGuid = {C8B13D48-5B84-4083-A1C1-AFF78BE5CB7F}
	EndGlobalSection
EndGlobal
